PODS:
  - Flutter (1.0.0)
  - flutterpluginfidologinapi (0.0.1):
    - Flutter

DEPENDENCIES:
  - Flutter (from `Flutter`)
  - flutterpluginfidologinapi (from `.symlinks/plugins/flutterpluginfidologinapi/ios`)

EXTERNAL SOURCES:
  Flutter:
    :path: Flutter
  flutterpluginfidologinapi:
    :path: ".symlinks/plugins/flutterpluginfidologinapi/ios"

SPEC CHECKSUMS:
  Flutter: 50d75fe2f02b26cc09d224853bb45737f8b3214a
  flutterpluginfidologinapi: a38b510b9e7426090118dd4aabe34dbac14c6e6a

PODFILE CHECKSUM: 269bb241a34dfe93f4ae5c793beee15395276a54

COCOAPODS: 1.10.1
